// !$*UTF8*$!
{
	archiveVersion = 1;
	classes = {
	};
	objectVersion = 56;
	objects = {

/* Begin PBXBuildFile section */
		F1264AA42ADB542000DB2BD3 /* Concentration_GameApp.swift in Sources */ = {isa = PBXBuildFile; fileRef = F1264AA32ADB542000DB2BD3 /* Concentration_GameApp.swift */; };
		F1264AA62ADB542000DB2BD3 /* ConcentrationGameView.swift in Sources */ = {isa = PBXBuildFile; fileRef = F1264AA52ADB542000DB2BD3 /* ConcentrationGameView.swift */; };
		F1264AA82ADB542100DB2BD3 /* Assets.xcassets in Resources */ = {isa = PBXBuildFile; fileRef = F1264AA72ADB542100DB2BD3 /* Assets.xcassets */; };
		F1264AAC2ADB542100DB2BD3 /* Preview Assets.xcassets in Resources */ = {isa = PBXBuildFile; fileRef = F1264AAB2ADB542100DB2BD3 /* Preview Assets.xcassets */; };
		F1264AB62ADB542100DB2BD3 /* Concentration_GameTests.swift in Sources */ = {isa = PBXBuildFile; fileRef = F1264AB52ADB542100DB2BD3 /* Concentration_GameTests.swift */; };
		F1264AC02ADB542100DB2BD3 /* Concentration_GameUITests.swift in Sources */ = {isa = PBXBuildFile; fileRef = F1264ABF2ADB542100DB2BD3 /* Concentration_GameUITests.swift */; };
		F1264AC22ADB542100DB2BD3 /* Concentration_GameUITestsLaunchTests.swift in Sources */ = {isa = PBXBuildFile; fileRef = F1264AC12ADB542100DB2BD3 /* Concentration_GameUITestsLaunchTests.swift */; };
		F1264ACF2ADB5F5300DB2BD3 /* README.md in Resources */ = {isa = PBXBuildFile; fileRef = F1264ACE2ADB5F5300DB2BD3 /* README.md */; };
		F1264AD42ADB608F00DB2BD3 /* ConcentrationGame.swift in Sources */ = {isa = PBXBuildFile; fileRef = F1264AD32ADB608F00DB2BD3 /* ConcentrationGame.swift */; };
		F1264AD62ADB614500DB2BD3 /* EmojiConcentrationGame.swift in Sources */ = {isa = PBXBuildFile; fileRef = F1264AD52ADB614500DB2BD3 /* EmojiConcentrationGame.swift */; };
		F1264AD92ADB851000DB2BD3 /* Array+Identifiable.swift in Sources */ = {isa = PBXBuildFile; fileRef = F1264AD82ADB851000DB2BD3 /* Array+Identifiable.swift */; };
		F1264ADB2ADB977000DB2BD3 /* Pie.swift in Sources */ = {isa = PBXBuildFile; fileRef = F1264ADA2ADB977000DB2BD3 /* Pie.swift */; };
		F1264ADD2ADB9D1300DB2BD3 /* CardView.swift in Sources */ = {isa = PBXBuildFile; fileRef = F1264ADC2ADB9D1200DB2BD3 /* CardView.swift */; };
		F1264ADF2ADBA3EF00DB2BD3 /* Cardify.swift in Sources */ = {isa = PBXBuildFile; fileRef = F1264ADE2ADBA3EF00DB2BD3 /* Cardify.swift */; };
/* End PBXBuildFile section */

/* Begin PBXContainerItemProxy section */
		F1264AB22ADB542100DB2BD3 /* PBXContainerItemProxy */ = {
			isa = PBXContainerItemProxy;
			containerPortal = F1264A982ADB542000DB2BD3 /* Project object */;
			proxyType = 1;
			remoteGlobalIDString = F1264A9F2ADB542000DB2BD3;
			remoteInfo = "Concentration Game";
		};
		F1264ABC2ADB542100DB2BD3 /* PBXContainerItemProxy */ = {
			isa = PBXContainerItemProxy;
			containerPortal = F1264A982ADB542000DB2BD3 /* Project object */;
			proxyType = 1;
			remoteGlobalIDString = F1264A9F2ADB542000DB2BD3;
			remoteInfo = "Concentration Game";
		};
/* End PBXContainerItemProxy section */

/* Begin PBXFileReference section */
		F1264AA02ADB542000DB2BD3 /* Concentration Game.app */ = {isa = PBXFileReference; explicitFileType = wrapper.application; includeInIndex = 0; path = "Concentration Game.app"; sourceTree = BUILT_PRODUCTS_DIR; };
		F1264AA32ADB542000DB2BD3 /* Concentration_GameApp.swift */ = {isa = PBXFileReference; lastKnownFileType = sourcecode.swift; path = Concentration_GameApp.swift; sourceTree = "<group>"; };
		F1264AA52ADB542000DB2BD3 /* ConcentrationGameView.swift */ = {isa = PBXFileReference; lastKnownFileType = sourcecode.swift; path = ConcentrationGameView.swift; sourceTree = "<group>"; };
		F1264AA72ADB542100DB2BD3 /* Assets.xcassets */ = {isa = PBXFileReference; lastKnownFileType = folder.assetcatalog; path = Assets.xcassets; sourceTree = "<group>"; };
		F1264AA92ADB542100DB2BD3 /* Concentration_Game.entitlements */ = {isa = PBXFileReference; lastKnownFileType = text.plist.entitlements; path = Concentration_Game.entitlements; sourceTree = "<group>"; };
		F1264AAB2ADB542100DB2BD3 /* Preview Assets.xcassets */ = {isa = PBXFileReference; lastKnownFileType = folder.assetcatalog; path = "Preview Assets.xcassets"; sourceTree = "<group>"; };
		F1264AB12ADB542100DB2BD3 /* Concentration GameTests.xctest */ = {isa = PBXFileReference; explicitFileType = wrapper.cfbundle; includeInIndex = 0; path = "Concentration GameTests.xctest"; sourceTree = BUILT_PRODUCTS_DIR; };
		F1264AB52ADB542100DB2BD3 /* Concentration_GameTests.swift */ = {isa = PBXFileReference; lastKnownFileType = sourcecode.swift; path = Concentration_GameTests.swift; sourceTree = "<group>"; };
		F1264ABB2ADB542100DB2BD3 /* Concentration GameUITests.xctest */ = {isa = PBXFileReference; explicitFileType = wrapper.cfbundle; includeInIndex = 0; path = "Concentration GameUITests.xctest"; sourceTree = BUILT_PRODUCTS_DIR; };
		F1264ABF2ADB542100DB2BD3 /* Concentration_GameUITests.swift */ = {isa = PBXFileReference; lastKnownFileType = sourcecode.swift; path = Concentration_GameUITests.swift; sourceTree = "<group>"; };
		F1264AC12ADB542100DB2BD3 /* Concentration_GameUITestsLaunchTests.swift */ = {isa = PBXFileReference; lastKnownFileType = sourcecode.swift; path = Concentration_GameUITestsLaunchTests.swift; sourceTree = "<group>"; };
		F1264ACE2ADB5F5300DB2BD3 /* README.md */ = {isa = PBXFileReference; fileEncoding = 4; lastKnownFileType = net.daringfireball.markdown; path = README.md; sourceTree = "<group>"; };
		F1264AD32ADB608F00DB2BD3 /* ConcentrationGame.swift */ = {isa = PBXFileReference; lastKnownFileType = sourcecode.swift; path = ConcentrationGame.swift; sourceTree = "<group>"; };
		F1264AD52ADB614500DB2BD3 /* EmojiConcentrationGame.swift */ = {isa = PBXFileReference; lastKnownFileType = sourcecode.swift; path = EmojiConcentrationGame.swift; sourceTree = "<group>"; };
		F1264AD82ADB851000DB2BD3 /* Array+Identifiable.swift */ = {isa = PBXFileReference; lastKnownFileType = sourcecode.swift; path = "Array+Identifiable.swift"; sourceTree = "<group>"; };
		F1264ADA2ADB977000DB2BD3 /* Pie.swift */ = {isa = PBXFileReference; lastKnownFileType = sourcecode.swift; path = Pie.swift; sourceTree = "<group>"; };
		F1264ADC2ADB9D1200DB2BD3 /* CardView.swift */ = {isa = PBXFileReference; lastKnownFileType = sourcecode.swift; path = CardView.swift; sourceTree = "<group>"; };
		F1264ADE2ADBA3EF00DB2BD3 /* Cardify.swift */ = {isa = PBXFileReference; lastKnownFileType = sourcecode.swift; path = Cardify.swift; sourceTree = "<group>"; };
/* End PBXFileReference section */

/* Begin PBXFrameworksBuildPhase section */
		F1264A9D2ADB542000DB2BD3 /* Frameworks */ = {
			isa = PBXFrameworksBuildPhase;
			buildActionMask = 2147483647;
			files = (
			);
			runOnlyForDeploymentPostprocessing = 0;
		};
		F1264AAE2ADB542100DB2BD3 /* Frameworks */ = {
			isa = PBXFrameworksBuildPhase;
			buildActionMask = 2147483647;
			files = (
			);
			runOnlyForDeploymentPostprocessing = 0;
		};
		F1264AB82ADB542100DB2BD3 /* Frameworks */ = {
			isa = PBXFrameworksBuildPhase;
			buildActionMask = 2147483647;
			files = (
			);
			runOnlyForDeploymentPostprocessing = 0;
		};
/* End PBXFrameworksBuildPhase section */

/* Begin PBXGroup section */
		F1264A972ADB542000DB2BD3 = {
			isa = PBXGroup;
			children = (
				F1264ACE2ADB5F5300DB2BD3 /* README.md */,
				F1264AA22ADB542000DB2BD3 /* Concentration Game */,
				F1264AB42ADB542100DB2BD3 /* Concentration GameTests */,
				F1264ABE2ADB542100DB2BD3 /* Concentration GameUITests */,
				F1264AA12ADB542000DB2BD3 /* Products */,
			);
			sourceTree = "<group>";
		};
		F1264AA12ADB542000DB2BD3 /* Products */ = {
			isa = PBXGroup;
			children = (
				F1264AA02ADB542000DB2BD3 /* Concentration Game.app */,
				F1264AB12ADB542100DB2BD3 /* Concentration GameTests.xctest */,
				F1264ABB2ADB542100DB2BD3 /* Concentration GameUITests.xctest */,
			);
			name = Products;
			sourceTree = "<group>";
		};
		F1264AA22ADB542000DB2BD3 /* Concentration Game */ = {
			isa = PBXGroup;
			children = (
				F1264AD72ADB84FF00DB2BD3 /* Utility */,
				F1264AD22ADB605F00DB2BD3 /* Model */,
				F1264AD12ADB605300DB2BD3 /* View */,
				F1264AD02ADB604500DB2BD3 /* ViewModel */,
				F1264AA72ADB542100DB2BD3 /* Assets.xcassets */,
				F1264AA92ADB542100DB2BD3 /* Concentration_Game.entitlements */,
				F1264AAA2ADB542100DB2BD3 /* Preview Content */,
			);
			path = "Concentration Game";
			sourceTree = "<group>";
		};
		F1264AAA2ADB542100DB2BD3 /* Preview Content */ = {
			isa = PBXGroup;
			children = (
				F1264AAB2ADB542100DB2BD3 /* Preview Assets.xcassets */,
			);
			path = "Preview Content";
			sourceTree = "<group>";
		};
		F1264AB42ADB542100DB2BD3 /* Concentration GameTests */ = {
			isa = PBXGroup;
			children = (
				F1264AB52ADB542100DB2BD3 /* Concentration_GameTests.swift */,
			);
			path = "Concentration GameTests";
			sourceTree = "<group>";
		};
		F1264ABE2ADB542100DB2BD3 /* Concentration GameUITests */ = {
			isa = PBXGroup;
			children = (
				F1264ABF2ADB542100DB2BD3 /* Concentration_GameUITests.swift */,
				F1264AC12ADB542100DB2BD3 /* Concentration_GameUITestsLaunchTests.swift */,
			);
			path = "Concentration GameUITests";
			sourceTree = "<group>";
		};
		F1264AD02ADB604500DB2BD3 /* ViewModel */ = {
			isa = PBXGroup;
			children = (
				F1264AD52ADB614500DB2BD3 /* EmojiConcentrationGame.swift */,
			);
			name = ViewModel;
			sourceTree = "<group>";
		};
		F1264AD12ADB605300DB2BD3 /* View */ = {
			isa = PBXGroup;
			children = (
				F1264AA32ADB542000DB2BD3 /* Concentration_GameApp.swift */,
				F1264AA52ADB542000DB2BD3 /* ConcentrationGameView.swift */,
				F1264ADA2ADB977000DB2BD3 /* Pie.swift */,
				F1264ADC2ADB9D1200DB2BD3 /* CardView.swift */,
				F1264ADE2ADBA3EF00DB2BD3 /* Cardify.swift */,
			);
			name = View;
			sourceTree = "<group>";
		};
		F1264AD22ADB605F00DB2BD3 /* Model */ = {
			isa = PBXGroup;
			children = (
				F1264AD32ADB608F00DB2BD3 /* ConcentrationGame.swift */,
			);
			name = Model;
			sourceTree = "<group>";
		};
		F1264AD72ADB84FF00DB2BD3 /* Utility */ = {
			isa = PBXGroup;
			children = (
				F1264AD82ADB851000DB2BD3 /* Array+Identifiable.swift */,
			);
			name = Utility;
			sourceTree = "<group>";
		};
/* End PBXGroup section */

/* Begin PBXNativeTarget section */
		F1264A9F2ADB542000DB2BD3 /* Concentration Game */ = {
			isa = PBXNativeTarget;
			buildConfigurationList = F1264AC52ADB542100DB2BD3 /* Build configuration list for PBXNativeTarget "Concentration Game" */;
			buildPhases = (
				F1264A9C2ADB542000DB2BD3 /* Sources */,
				F1264A9D2ADB542000DB2BD3 /* Frameworks */,
				F1264A9E2ADB542000DB2BD3 /* Resources */,
			);
			buildRules = (
			);
			dependencies = (
			);
			name = "Concentration Game";
			productName = "Concentration Game";
			productReference = F1264AA02ADB542000DB2BD3 /* Concentration Game.app */;
			productType = "com.apple.product-type.application";
		};
		F1264AB02ADB542100DB2BD3 /* Concentration GameTests */ = {
			isa = PBXNativeTarget;
			buildConfigurationList = F1264AC82ADB542100DB2BD3 /* Build configuration list for PBXNativeTarget "Concentration GameTests" */;
			buildPhases = (
				F1264AAD2ADB542100DB2BD3 /* Sources */,
				F1264AAE2ADB542100DB2BD3 /* Frameworks */,
				F1264AAF2ADB542100DB2BD3 /* Resources */,
			);
			buildRules = (
			);
			dependencies = (
				F1264AB32ADB542100DB2BD3 /* PBXTargetDependency */,
			);
			name = "Concentration GameTests";
			productName = "Concentration GameTests";
			productReference = F1264AB12ADB542100DB2BD3 /* Concentration GameTests.xctest */;
			productType = "com.apple.product-type.bundle.unit-test";
		};
		F1264ABA2ADB542100DB2BD3 /* Concentration GameUITests */ = {
			isa = PBXNativeTarget;
			buildConfigurationList = F1264ACB2ADB542100DB2BD3 /* Build configuration list for PBXNativeTarget "Concentration GameUITests" */;
			buildPhases = (
				F1264AB72ADB542100DB2BD3 /* Sources */,
				F1264AB82ADB542100DB2BD3 /* Frameworks */,
				F1264AB92ADB542100DB2BD3 /* Resources */,
			);
			buildRules = (
			);
			dependencies = (
				F1264ABD2ADB542100DB2BD3 /* PBXTargetDependency */,
			);
			name = "Concentration GameUITests";
			productName = "Concentration GameUITests";
			productReference = F1264ABB2ADB542100DB2BD3 /* Concentration GameUITests.xctest */;
			productType = "com.apple.product-type.bundle.ui-testing";
		};
/* End PBXNativeTarget section */

/* Begin PBXProject section */
		F1264A982ADB542000DB2BD3 /* Project object */ = {
			isa = PBXProject;
			attributes = {
				BuildIndependentTargetsInParallel = 1;
				LastSwiftUpdateCheck = 1500;
				LastUpgradeCheck = 1500;
				TargetAttributes = {
					F1264A9F2ADB542000DB2BD3 = {
						CreatedOnToolsVersion = 15.0;
					};
					F1264AB02ADB542100DB2BD3 = {
						CreatedOnToolsVersion = 15.0;
						TestTargetID = F1264A9F2ADB542000DB2BD3;
					};
					F1264ABA2ADB542100DB2BD3 = {
						CreatedOnToolsVersion = 15.0;
						TestTargetID = F1264A9F2ADB542000DB2BD3;
					};
				};
			};
			buildConfigurationList = F1264A9B2ADB542000DB2BD3 /* Build configuration list for PBXProject "Concentration Game" */;
			compatibilityVersion = "Xcode 14.0";
			developmentRegion = en;
			hasScannedForEncodings = 0;
			knownRegions = (
				en,
				Base,
			);
			mainGroup = F1264A972ADB542000DB2BD3;
			productRefGroup = F1264AA12ADB542000DB2BD3 /* Products */;
			projectDirPath = "";
			projectRoot = "";
			targets = (
				F1264A9F2ADB542000DB2BD3 /* Concentration Game */,
				F1264AB02ADB542100DB2BD3 /* Concentration GameTests */,
				F1264ABA2ADB542100DB2BD3 /* Concentration GameUITests */,
			);
		};
/* End PBXProject section */

/* Begin PBXResourcesBuildPhase section */
		F1264A9E2ADB542000DB2BD3 /* Resources */ = {
			isa = PBXResourcesBuildPhase;
			buildActionMask = 2147483647;
			files = (
				F1264ACF2ADB5F5300DB2BD3 /* README.md in Resources */,
				F1264AAC2ADB542100DB2BD3 /* Preview Assets.xcassets in Resources */,
				F1264AA82ADB542100DB2BD3 /* Assets.xcassets in Resources */,
			);
			runOnlyForDeploymentPostprocessing = 0;
		};
		F1264AAF2ADB542100DB2BD3 /* Resources */ = {
			isa = PBXResourcesBuildPhase;
			buildActionMask = 2147483647;
			files = (
			);
			runOnlyForDeploymentPostprocessing = 0;
		};
		F1264AB92ADB542100DB2BD3 /* Resources */ = {
			isa = PBXResourcesBuildPhase;
			buildActionMask = 2147483647;
			files = (
			);
			runOnlyForDeploymentPostprocessing = 0;
		};
/* End PBXResourcesBuildPhase section */

/* Begin PBXSourcesBuildPhase section */
		F1264A9C2ADB542000DB2BD3 /* Sources */ = {
			isa = PBXSourcesBuildPhase;
			buildActionMask = 2147483647;
			files = (
				F1264ADD2ADB9D1300DB2BD3 /* CardView.swift in Sources */,
				F1264ADB2ADB977000DB2BD3 /* Pie.swift in Sources */,
				F1264ADF2ADBA3EF00DB2BD3 /* Cardify.swift in Sources */,
				F1264AD62ADB614500DB2BD3 /* EmojiConcentrationGame.swift in Sources */,
				F1264AD92ADB851000DB2BD3 /* Array+Identifiable.swift in Sources */,
				F1264AD42ADB608F00DB2BD3 /* ConcentrationGame.swift in Sources */,
				F1264AA62ADB542000DB2BD3 /* ConcentrationGameView.swift in Sources */,
				F1264AA42ADB542000DB2BD3 /* Concentration_GameApp.swift in Sources */,
			);
			runOnlyForDeploymentPostprocessing = 0;
		};
		F1264AAD2ADB542100DB2BD3 /* Sources */ = {
			isa = PBXSourcesBuildPhase;
			buildActionMask = 2147483647;
			files = (
				F1264AB62ADB542100DB2BD3 /* Concentration_GameTests.swift in Sources */,
			);
			runOnlyForDeploymentPostprocessing = 0;
		};
		F1264AB72ADB542100DB2BD3 /* Sources */ = {
			isa = PBXSourcesBuildPhase;
			buildActionMask = 2147483647;
			files = (
				F1264AC22ADB542100DB2BD3 /* Concentration_GameUITestsLaunchTests.swift in Sources */,
				F1264AC02ADB542100DB2BD3 /* Concentration_GameUITests.swift in Sources */,
			);
			runOnlyForDeploymentPostprocessing = 0;
		};
/* End PBXSourcesBuildPhase section */

/* Begin PBXTargetDependency section */
		F1264AB32ADB542100DB2BD3 /* PBXTargetDependency */ = {
			isa = PBXTargetDependency;
			target = F1264A9F2ADB542000DB2BD3 /* Concentration Game */;
			targetProxy = F1264AB22ADB542100DB2BD3 /* PBXContainerItemProxy */;
		};
		F1264ABD2ADB542100DB2BD3 /* PBXTargetDependency */ = {
			isa = PBXTargetDependency;
			target = F1264A9F2ADB542000DB2BD3 /* Concentration Game */;
			targetProxy = F1264ABC2ADB542100DB2BD3 /* PBXContainerItemProxy */;
		};
/* End PBXTargetDependency section */

/* Begin XCBuildConfiguration section */
		F1264AC32ADB542100DB2BD3 /* Debug */ = {
			isa = XCBuildConfiguration;
			buildSettings = {
				ALWAYS_SEARCH_USER_PATHS = NO;
				ASSETCATALOG_COMPILER_GENERATE_SWIFT_ASSET_SYMBOL_EXTENSIONS = YES;
				CLANG_ANALYZER_NONNULL = YES;
				CLANG_ANALYZER_NUMBER_OBJECT_CONVERSION = YES_AGGRESSIVE;
				CLANG_CXX_LANGUAGE_STANDARD = "gnu++20";
				CLANG_ENABLE_MODULES = YES;
				CLANG_ENABLE_OBJC_ARC = YES;
				CLANG_ENABLE_OBJC_WEAK = YES;
				CLANG_WARN_BLOCK_CAPTURE_AUTORELEASING = YES;
				CLANG_WARN_BOOL_CONVERSION = YES;
				CLANG_WARN_COMMA = YES;
				CLANG_WARN_CONSTANT_CONVERSION = YES;
				CLANG_WARN_DEPRECATED_OBJC_IMPLEMENTATIONS = YES;
				CLANG_WARN_DIRECT_OBJC_ISA_USAGE = YES_ERROR;
				CLANG_WARN_DOCUMENTATION_COMMENTS = YES;
				CLANG_WARN_EMPTY_BODY = YES;
				CLANG_WARN_ENUM_CONVERSION = YES;
				CLANG_WARN_INFINITE_RECURSION = YES;
				CLANG_WARN_INT_CONVERSION = YES;
				CLANG_WARN_NON_LITERAL_NULL_CONVERSION = YES;
				CLANG_WARN_OBJC_IMPLICIT_RETAIN_SELF = YES;
				CLANG_WARN_OBJC_LITERAL_CONVERSION = YES;
				CLANG_WARN_OBJC_ROOT_CLASS = YES_ERROR;
				CLANG_WARN_QUOTED_INCLUDE_IN_FRAMEWORK_HEADER = YES;
				CLANG_WARN_RANGE_LOOP_ANALYSIS = YES;
				CLANG_WARN_STRICT_PROTOTYPES = YES;
				CLANG_WARN_SUSPICIOUS_MOVE = YES;
				CLANG_WARN_UNGUARDED_AVAILABILITY = YES_AGGRESSIVE;
				CLANG_WARN_UNREACHABLE_CODE = YES;
				CLANG_WARN__DUPLICATE_METHOD_MATCH = YES;
				COPY_PHASE_STRIP = NO;
				DEBUG_INFORMATION_FORMAT = dwarf;
				ENABLE_STRICT_OBJC_MSGSEND = YES;
				ENABLE_TESTABILITY = YES;
				ENABLE_USER_SCRIPT_SANDBOXING = YES;
				GCC_C_LANGUAGE_STANDARD = gnu17;
				GCC_DYNAMIC_NO_PIC = NO;
				GCC_NO_COMMON_BLOCKS = YES;
				GCC_OPTIMIZATION_LEVEL = 0;
				GCC_PREPROCESSOR_DEFINITIONS = (
					"DEBUG=1",
					"$(inherited)",
				);
				GCC_WARN_64_TO_32_BIT_CONVERSION = YES;
				GCC_WARN_ABOUT_RETURN_TYPE = YES_ERROR;
				GCC_WARN_UNDECLARED_SELECTOR = YES;
				GCC_WARN_UNINITIALIZED_AUTOS = YES_AGGRESSIVE;
				GCC_WARN_UNUSED_FUNCTION = YES;
				GCC_WARN_UNUSED_VARIABLE = YES;
				LOCALIZATION_PREFERS_STRING_CATALOGS = YES;
				MTL_ENABLE_DEBUG_INFO = INCLUDE_SOURCE;
				MTL_FAST_MATH = YES;
				ONLY_ACTIVE_ARCH = YES;
				SWIFT_ACTIVE_COMPILATION_CONDITIONS = "DEBUG $(inherited)";
				SWIFT_OPTIMIZATION_LEVEL = "-Onone";
			};
			name = Debug;
		};
		F1264AC42ADB542100DB2BD3 /* Release */ = {
			isa = XCBuildConfiguration;
			buildSettings = {
				ALWAYS_SEARCH_USER_PATHS = NO;
				ASSETCATALOG_COMPILER_GENERATE_SWIFT_ASSET_SYMBOL_EXTENSIONS = YES;
				CLANG_ANALYZER_NONNULL = YES;
				CLANG_ANALYZER_NUMBER_OBJECT_CONVERSION = YES_AGGRESSIVE;
				CLANG_CXX_LANGUAGE_STANDARD = "gnu++20";
				CLANG_ENABLE_MODULES = YES;
				CLANG_ENABLE_OBJC_ARC = YES;
				CLANG_ENABLE_OBJC_WEAK = YES;
				CLANG_WARN_BLOCK_CAPTURE_AUTORELEASING = YES;
				CLANG_WARN_BOOL_CONVERSION = YES;
				CLANG_WARN_COMMA = YES;
				CLANG_WARN_CONSTANT_CONVERSION = YES;
				CLANG_WARN_DEPRECATED_OBJC_IMPLEMENTATIONS = YES;
				CLANG_WARN_DIRECT_OBJC_ISA_USAGE = YES_ERROR;
				CLANG_WARN_DOCUMENTATION_COMMENTS = YES;
				CLANG_WARN_EMPTY_BODY = YES;
				CLANG_WARN_ENUM_CONVERSION = YES;
				CLANG_WARN_INFINITE_RECURSION = YES;
				CLANG_WARN_INT_CONVERSION = YES;
				CLANG_WARN_NON_LITERAL_NULL_CONVERSION = YES;
				CLANG_WARN_OBJC_IMPLICIT_RETAIN_SELF = YES;
				CLANG_WARN_OBJC_LITERAL_CONVERSION = YES;
				CLANG_WARN_OBJC_ROOT_CLASS = YES_ERROR;
				CLANG_WARN_QUOTED_INCLUDE_IN_FRAMEWORK_HEADER = YES;
				CLANG_WARN_RANGE_LOOP_ANALYSIS = YES;
				CLANG_WARN_STRICT_PROTOTYPES = YES;
				CLANG_WARN_SUSPICIOUS_MOVE = YES;
				CLANG_WARN_UNGUARDED_AVAILABILITY = YES_AGGRESSIVE;
				CLANG_WARN_UNREACHABLE_CODE = YES;
				CLANG_WARN__DUPLICATE_METHOD_MATCH = YES;
				COPY_PHASE_STRIP = NO;
				DEBUG_INFORMATION_FORMAT = "dwarf-with-dsym";
				ENABLE_NS_ASSERTIONS = NO;
				ENABLE_STRICT_OBJC_MSGSEND = YES;
				ENABLE_USER_SCRIPT_SANDBOXING = YES;
				GCC_C_LANGUAGE_STANDARD = gnu17;
				GCC_NO_COMMON_BLOCKS = YES;
				GCC_WARN_64_TO_32_BIT_CONVERSION = YES;
				GCC_WARN_ABOUT_RETURN_TYPE = YES_ERROR;
				GCC_WARN_UNDECLARED_SELECTOR = YES;
				GCC_WARN_UNINITIALIZED_AUTOS = YES_AGGRESSIVE;
				GCC_WARN_UNUSED_FUNCTION = YES;
				GCC_WARN_UNUSED_VARIABLE = YES;
				LOCALIZATION_PREFERS_STRING_CATALOGS = YES;
				MTL_ENABLE_DEBUG_INFO = NO;
				MTL_FAST_MATH = YES;
				SWIFT_COMPILATION_MODE = wholemodule;
			};
			name = Release;
		};
		F1264AC62ADB542100DB2BD3 /* Debug */ = {
			isa = XCBuildConfiguration;
			buildSettings = {
				ASSETCATALOG_COMPILER_APPICON_NAME = AppIcon;
				ASSETCATALOG_COMPILER_GLOBAL_ACCENT_COLOR_NAME = AccentColor;
				CODE_SIGN_ENTITLEMENTS = "Concentration Game/Concentration_Game.entitlements";
				CODE_SIGN_STYLE = Automatic;
				CURRENT_PROJECT_VERSION = 1;
				DEVELOPMENT_ASSET_PATHS = "\"Concentration Game/Preview Content\"";
				DEVELOPMENT_TEAM = P9Y9835Q2P;
				ENABLE_HARDENED_RUNTIME = YES;
				ENABLE_PREVIEWS = YES;
				GENERATE_INFOPLIST_FILE = YES;
				"INFOPLIST_KEY_UIApplicationSceneManifest_Generation[sdk=iphoneos*]" = YES;
				"INFOPLIST_KEY_UIApplicationSceneManifest_Generation[sdk=iphonesimulator*]" = YES;
				"INFOPLIST_KEY_UIApplicationSupportsIndirectInputEvents[sdk=iphoneos*]" = YES;
				"INFOPLIST_KEY_UIApplicationSupportsIndirectInputEvents[sdk=iphonesimulator*]" = YES;
				"INFOPLIST_KEY_UILaunchScreen_Generation[sdk=iphoneos*]" = YES;
				"INFOPLIST_KEY_UILaunchScreen_Generation[sdk=iphonesimulator*]" = YES;
				"INFOPLIST_KEY_UIStatusBarStyle[sdk=iphoneos*]" = UIStatusBarStyleDefault;
				"INFOPLIST_KEY_UIStatusBarStyle[sdk=iphonesimulator*]" = UIStatusBarStyleDefault;
				INFOPLIST_KEY_UISupportedInterfaceOrientations_iPad = "UIInterfaceOrientationPortrait UIInterfaceOrientationPortraitUpsideDown UIInterfaceOrientationLandscapeLeft UIInterfaceOrientationLandscapeRight";
				INFOPLIST_KEY_UISupportedInterfaceOrientations_iPhone = "UIInterfaceOrientationPortrait UIInterfaceOrientationLandscapeLeft UIInterfaceOrientationLandscapeRight";
				IPHONEOS_DEPLOYMENT_TARGET = 17.0;
				LD_RUNPATH_SEARCH_PATHS = "@executable_path/Frameworks";
				"LD_RUNPATH_SEARCH_PATHS[sdk=macosx*]" = "@executable_path/../Frameworks";
				MACOSX_DEPLOYMENT_TARGET = 14.0;
				MARKETING_VERSION = 1.0;
				PRODUCT_BUNDLE_IDENTIFIER = "is543.Concentration-Game";
				PRODUCT_NAME = "$(TARGET_NAME)";
				SDKROOT = auto;
				SUPPORTED_PLATFORMS = "iphoneos iphonesimulator macosx";
				SWIFT_EMIT_LOC_STRINGS = YES;
				SWIFT_VERSION = 5.0;
				TARGETED_DEVICE_FAMILY = "1,2";
			};
			name = Debug;
		};
		F1264AC72ADB542100DB2BD3 /* Release */ = {
			isa = XCBuildConfiguration;
			buildSettings = {
				ASSETCATALOG_COMPILER_APPICON_NAME = AppIcon;
				ASSETCATALOG_COMPILER_GLOBAL_ACCENT_COLOR_NAME = AccentColor;
				CODE_SIGN_ENTITLEMENTS = "Concentration Game/Concentration_Game.entitlements";
				CODE_SIGN_STYLE = Automatic;
				CURRENT_PROJECT_VERSION = 1;
				DEVELOPMENT_ASSET_PATHS = "\"Concentration Game/Preview Content\"";
				DEVELOPMENT_TEAM = P9Y9835Q2P;
				ENABLE_HARDENED_RUNTIME = YES;
				ENABLE_PREVIEWS = YES;
				GENERATE_INFOPLIST_FILE = YES;
				"INFOPLIST_KEY_UIApplicationSceneManifest_Generation[sdk=iphoneos*]" = YES;
				"INFOPLIST_KEY_UIApplicationSceneManifest_Generation[sdk=iphonesimulator*]" = YES;
				"INFOPLIST_KEY_UIApplicationSupportsIndirectInputEvents[sdk=iphoneos*]" = YES;
				"INFOPLIST_KEY_UIApplicationSupportsIndirectInputEvents[sdk=iphonesimulator*]" = YES;
				"INFOPLIST_KEY_UILaunchScreen_Generation[sdk=iphoneos*]" = YES;
				"INFOPLIST_KEY_UILaunchScreen_Generation[sdk=iphonesimulator*]" = YES;
				"INFOPLIST_KEY_UIStatusBarStyle[sdk=iphoneos*]" = UIStatusBarStyleDefault;
				"INFOPLIST_KEY_UIStatusBarStyle[sdk=iphonesimulator*]" = UIStatusBarStyleDefault;
				INFOPLIST_KEY_UISupportedInterfaceOrientations_iPad = "UIInterfaceOrientationPortrait UIInterfaceOrientationPortraitUpsideDown UIInterfaceOrientationLandscapeLeft UIInterfaceOrientationLandscapeRight";
				INFOPLIST_KEY_UISupportedInterfaceOrientations_iPhone = "UIInterfaceOrientationPortrait UIInterfaceOrientationLandscapeLeft UIInterfaceOrientationLandscapeRight";
				IPHONEOS_DEPLOYMENT_TARGET = 17.0;
				LD_RUNPATH_SEARCH_PATHS = "@executable_path/Frameworks";
				"LD_RUNPATH_SEARCH_PATHS[sdk=macosx*]" = "@executable_path/../Frameworks";
				MACOSX_DEPLOYMENT_TARGET = 14.0;
				MARKETING_VERSION = 1.0;
				PRODUCT_BUNDLE_IDENTIFIER = "is543.Concentration-Game";
				PRODUCT_NAME = "$(TARGET_NAME)";
				SDKROOT = auto;
				SUPPORTED_PLATFORMS = "iphoneos iphonesimulator macosx";
				SWIFT_EMIT_LOC_STRINGS = YES;
				SWIFT_VERSION = 5.0;
				TARGETED_DEVICE_FAMILY = "1,2";
			};
			name = Release;
		};
		F1264AC92ADB542100DB2BD3 /* Debug */ = {
			isa = XCBuildConfiguration;
			buildSettings = {
				ALWAYS_EMBED_SWIFT_STANDARD_LIBRARIES = YES;
				BUNDLE_LOADER = "$(TEST_HOST)";
				CODE_SIGN_STYLE = Automatic;
				CURRENT_PROJECT_VERSION = 1;
				DEVELOPMENT_TEAM = P9Y9835Q2P;
				GENERATE_INFOPLIST_FILE = YES;
				IPHONEOS_DEPLOYMENT_TARGET = 17.0;
				MACOSX_DEPLOYMENT_TARGET = 14.0;
				MARKETING_VERSION = 1.0;
				PRODUCT_BUNDLE_IDENTIFIER = "is543.Concentration-GameTests";
				PRODUCT_NAME = "$(TARGET_NAME)";
				SDKROOT = auto;
				SUPPORTED_PLATFORMS = "iphoneos iphonesimulator macosx";
				SWIFT_EMIT_LOC_STRINGS = NO;
				SWIFT_VERSION = 5.0;
				TARGETED_DEVICE_FAMILY = "1,2";
				TEST_HOST = "$(BUILT_PRODUCTS_DIR)/Concentration Game.app/$(BUNDLE_EXECUTABLE_FOLDER_PATH)/Concentration Game";
			};
			name = Debug;
		};
		F1264ACA2ADB542100DB2BD3 /* Release */ = {
			isa = XCBuildConfiguration;
			buildSettings = {
				ALWAYS_EMBED_SWIFT_STANDARD_LIBRARIES = YES;
				BUNDLE_LOADER = "$(TEST_HOST)";
				CODE_SIGN_STYLE = Automatic;
				CURRENT_PROJECT_VERSION = 1;
				DEVELOPMENT_TEAM = P9Y9835Q2P;
				GENERATE_INFOPLIST_FILE = YES;
				IPHONEOS_DEPLOYMENT_TARGET = 17.0;
				MACOSX_DEPLOYMENT_TARGET = 14.0;
				MARKETING_VERSION = 1.0;
				PRODUCT_BUNDLE_IDENTIFIER = "is543.Concentration-GameTests";
				PRODUCT_NAME = "$(TARGET_NAME)";
				SDKROOT = auto;
				SUPPORTED_PLATFORMS = "iphoneos iphonesimulator macosx";
				SWIFT_EMIT_LOC_STRINGS = NO;
				SWIFT_VERSION = 5.0;
				TARGETED_DEVICE_FAMILY = "1,2";
				TEST_HOST = "$(BUILT_PRODUCTS_DIR)/Concentration Game.app/$(BUNDLE_EXECUTABLE_FOLDER_PATH)/Concentration Game";
			};
			name = Release;
		};
		F1264ACC2ADB542100DB2BD3 /* Debug */ = {
			isa = XCBuildConfiguration;
			buildSettings = {
				ALWAYS_EMBED_SWIFT_STANDARD_LIBRARIES = YES;
				CODE_SIGN_STYLE = Automatic;
				CURRENT_PROJECT_VERSION = 1;
				DEVELOPMENT_TEAM = P9Y9835Q2P;
				GENERATE_INFOPLIST_FILE = YES;
				IPHONEOS_DEPLOYMENT_TARGET = 17.0;
				MACOSX_DEPLOYMENT_TARGET = 14.0;
				MARKETING_VERSION = 1.0;
				PRODUCT_BUNDLE_IDENTIFIER = "is543.Concentration-GameUITests";
				PRODUCT_NAME = "$(TARGET_NAME)";
				SDKROOT = auto;
				SUPPORTED_PLATFORMS = "iphoneos iphonesimulator macosx";
				SWIFT_EMIT_LOC_STRINGS = NO;
				SWIFT_VERSION = 5.0;
				TARGETED_DEVICE_FAMILY = "1,2";
				TEST_TARGET_NAME = "Concentration Game";
			};
			name = Debug;
		};
		F1264ACD2ADB542100DB2BD3 /* Release */ = {
			isa = XCBuildConfiguration;
			buildSettings = {
				ALWAYS_EMBED_SWIFT_STANDARD_LIBRARIES = YES;
				CODE_SIGN_STYLE = Automatic;
				CURRENT_PROJECT_VERSION = 1;
				DEVELOPMENT_TEAM = P9Y9835Q2P;
				GENERATE_INFOPLIST_FILE = YES;
				IPHONEOS_DEPLOYMENT_TARGET = 17.0;
				MACOSX_DEPLOYMENT_TARGET = 14.0;
				MARKETING_VERSION = 1.0;
				PRODUCT_BUNDLE_IDENTIFIER = "is543.Concentration-GameUITests";
				PRODUCT_NAME = "$(TARGET_NAME)";
				SDKROOT = auto;
				SUPPORTED_PLATFORMS = "iphoneos iphonesimulator macosx";
				SWIFT_EMIT_LOC_STRINGS = NO;
				SWIFT_VERSION = 5.0;
				TARGETED_DEVICE_FAMILY = "1,2";
				TEST_TARGET_NAME = "Concentration Game";
			};
			name = Release;
		};
/* End XCBuildConfiguration section */

/* Begin XCConfigurationList section */
		F1264A9B2ADB542000DB2BD3 /* Build configuration list for PBXProject "Concentration Game" */ = {
			isa = XCConfigurationList;
			buildConfigurations = (
				F1264AC32ADB542100DB2BD3 /* Debug */,
				F1264AC42ADB542100DB2BD3 /* Release */,
			);
			defaultConfigurationIsVisible = 0;
			defaultConfigurationName = Release;
		};
		F1264AC52ADB542100DB2BD3 /* Build configuration list for PBXNativeTarget "Concentration Game" */ = {
			isa = XCConfigurationList;
			buildConfigurations = (
				F1264AC62ADB542100DB2BD3 /* Debug */,
				F1264AC72ADB542100DB2BD3 /* Release */,
			);
			defaultConfigurationIsVisible = 0;
			defaultConfigurationName = Release;
		};
		F1264AC82ADB542100DB2BD3 /* Build configuration list for PBXNativeTarget "Concentration GameTests" */ = {
			isa = XCConfigurationList;
			buildConfigurations = (
				F1264AC92ADB542100DB2BD3 /* Debug */,
				F1264ACA2ADB542100DB2BD3 /* Release */,
			);
			defaultConfigurationIsVisible = 0;
			defaultConfigurationName = Release;
		};
		F1264ACB2ADB542100DB2BD3 /* Build configuration list for PBXNativeTarget "Concentration GameUITests" */ = {
			isa = XCConfigurationList;
			buildConfigurations = (
				F1264ACC2ADB542100DB2BD3 /* Debug */,
				F1264ACD2ADB542100DB2BD3 /* Release */,
			);
			defaultConfigurationIsVisible = 0;
			defaultConfigurationName = Release;
		};
/* End XCConfigurationList section */
	};
	rootObject = F1264A982ADB542000DB2BD3 /* Project object */;
}
